
Microsoft Visual Studio Solution File, Format Version 12.00
# Visual Studio Version 17
VisualStudioVersion = 17.11.35303.130
MinimumVisualStudioVersion = 10.0.40219.1
Project("{FAE04EC0-301F-11D3-BF4B-00C04F79EFBC}") = "HollowKnight", "HollowKnight\HollowKnight.csproj", "{05A34370-706F-4AC8-B184-736F5C754FD7}"
EndProject
Global
	GlobalSection(SolutionConfigurationPlatforms) = preSolution
		Debug|Any CPU = Debug|Any CPU
		Release|Any CPU = Release|Any CPU
	EndGlobalSection
	GlobalSection(ProjectConfigurationPlatforms) = postSolution
		{05A34370-706F-4AC8-B184-736F5C754FD7}.Debug|Any CPU.ActiveCfg = Debug|Any CPU
		{05A34370-706F-4AC8-B184-736F5C754FD7}.Debug|Any CPU.Build.0 = Debug|Any CPU
		{05A34370-706F-4AC8-B184-736F5C754FD7}.Release|Any CPU.ActiveCfg = Release|Any CPU
		{05A34370-706F-4AC8-B184-736F5C754FD7}.Release|Any CPU.Build.0 = Release|Any CPU
	EndGlobalSection
	GlobalSection(SolutionProperties) = preSolution
		HideSolutionNode = FALSE
	EndGlobalSection
	GlobalSection(ExtensibilityGlobals) = postSolution
		SolutionGuid = {735D038C-4942-4DE0-82E5-22F090A6D2A3}
	EndGlobalSection
EndGlobal
